// !$*UTF8*$!
{
	archiveVersion = 1;
	classes = {
	};
	objectVersion = 56;
	objects = {

/* Begin PBXBuildFile section */
		E1585CD12A21314F00AE0C6B /* TaskListViewController.swift in Sources */ = {isa = PBXBuildFile; fileRef = E1585CD02A21314F00AE0C6B /* TaskListViewController.swift */; };
		E1585CD32A22A3AA00AE0C6B /* Extension + UITableViewCell.swift in Sources */ = {isa = PBXBuildFile; fileRef = E1585CD22A22A3AA00AE0C6B /* Extension + UITableViewCell.swift */; };
		E1ACBF552A20AE670058F5E5 /* AppDelegate.swift in Sources */ = {isa = PBXBuildFile; fileRef = E1ACBF542A20AE670058F5E5 /* AppDelegate.swift */; };
		E1ACBF572A20AE670058F5E5 /* SceneDelegate.swift in Sources */ = {isa = PBXBuildFile; fileRef = E1ACBF562A20AE670058F5E5 /* SceneDelegate.swift */; };
		E1ACBF5C2A20AE670058F5E5 /* Main.storyboard in Resources */ = {isa = PBXBuildFile; fileRef = E1ACBF5A2A20AE670058F5E5 /* Main.storyboard */; };
		E1ACBF5E2A20AE670058F5E5 /* Assets.xcassets in Resources */ = {isa = PBXBuildFile; fileRef = E1ACBF5D2A20AE670058F5E5 /* Assets.xcassets */; };
		E1ACBF612A20AE670058F5E5 /* LaunchScreen.storyboard in Resources */ = {isa = PBXBuildFile; fileRef = E1ACBF5F2A20AE670058F5E5 /* LaunchScreen.storyboard */; };
		E1ACBF6A2A20AE990058F5E5 /* Realm in Frameworks */ = {isa = PBXBuildFile; productRef = E1ACBF692A20AE990058F5E5 /* Realm */; };
		E1ACBF6C2A20AE990058F5E5 /* RealmSwift in Frameworks */ = {isa = PBXBuildFile; productRef = E1ACBF6B2A20AE990058F5E5 /* RealmSwift */; };
		E1ACBF752A20AF8A0058F5E5 /* AlertControllerBuilder.swift in Sources */ = {isa = PBXBuildFile; fileRef = E1ACBF742A20AF8A0058F5E5 /* AlertControllerBuilder.swift */; };
		E1ACBF772A20AFA50058F5E5 /* TaskList.swift in Sources */ = {isa = PBXBuildFile; fileRef = E1ACBF762A20AFA50058F5E5 /* TaskList.swift */; };
		E1ACBF792A20AFC00058F5E5 /* DataManager.swift in Sources */ = {isa = PBXBuildFile; fileRef = E1ACBF782A20AFC00058F5E5 /* DataManager.swift */; };
		E1ACBF7B2A20AFE50058F5E5 /* StorageManager.swift in Sources */ = {isa = PBXBuildFile; fileRef = E1ACBF7A2A20AFE50058F5E5 /* StorageManager.swift */; };
		E1ACBF7D2A20B0330058F5E5 /* TasksViewController.swift in Sources */ = {isa = PBXBuildFile; fileRef = E1ACBF7C2A20B0330058F5E5 /* TasksViewController.swift */; };
/* End PBXBuildFile section */

/* Begin PBXFileReference section */
		E1585CD02A21314F00AE0C6B /* TaskListViewController.swift */ = {isa = PBXFileReference; lastKnownFileType = sourcecode.swift; path = TaskListViewController.swift; sourceTree = "<group>"; };
		E1585CD22A22A3AA00AE0C6B /* Extension + UITableViewCell.swift */ = {isa = PBXFileReference; lastKnownFileType = sourcecode.swift; path = "Extension + UITableViewCell.swift"; sourceTree = "<group>"; };
		E1ACBF512A20AE670058F5E5 /* RealmTaskApp.app */ = {isa = PBXFileReference; explicitFileType = wrapper.application; includeInIndex = 0; path = RealmTaskApp.app; sourceTree = BUILT_PRODUCTS_DIR; };
		E1ACBF542A20AE670058F5E5 /* AppDelegate.swift */ = {isa = PBXFileReference; lastKnownFileType = sourcecode.swift; path = AppDelegate.swift; sourceTree = "<group>"; };
		E1ACBF562A20AE670058F5E5 /* SceneDelegate.swift */ = {isa = PBXFileReference; lastKnownFileType = sourcecode.swift; path = SceneDelegate.swift; sourceTree = "<group>"; };
		E1ACBF5B2A20AE670058F5E5 /* Base */ = {isa = PBXFileReference; lastKnownFileType = file.storyboard; name = Base; path = Base.lproj/Main.storyboard; sourceTree = "<group>"; };
		E1ACBF5D2A20AE670058F5E5 /* Assets.xcassets */ = {isa = PBXFileReference; lastKnownFileType = folder.assetcatalog; path = Assets.xcassets; sourceTree = "<group>"; };
		E1ACBF602A20AE670058F5E5 /* Base */ = {isa = PBXFileReference; lastKnownFileType = file.storyboard; name = Base; path = Base.lproj/LaunchScreen.storyboard; sourceTree = "<group>"; };
		E1ACBF622A20AE670058F5E5 /* Info.plist */ = {isa = PBXFileReference; lastKnownFileType = text.plist.xml; path = Info.plist; sourceTree = "<group>"; };
		E1ACBF742A20AF8A0058F5E5 /* AlertControllerBuilder.swift */ = {isa = PBXFileReference; lastKnownFileType = sourcecode.swift; path = AlertControllerBuilder.swift; sourceTree = "<group>"; };
		E1ACBF762A20AFA50058F5E5 /* TaskList.swift */ = {isa = PBXFileReference; lastKnownFileType = sourcecode.swift; path = TaskList.swift; sourceTree = "<group>"; };
		E1ACBF782A20AFC00058F5E5 /* DataManager.swift */ = {isa = PBXFileReference; lastKnownFileType = sourcecode.swift; path = DataManager.swift; sourceTree = "<group>"; };
		E1ACBF7A2A20AFE50058F5E5 /* StorageManager.swift */ = {isa = PBXFileReference; lastKnownFileType = sourcecode.swift; path = StorageManager.swift; sourceTree = "<group>"; };
		E1ACBF7C2A20B0330058F5E5 /* TasksViewController.swift */ = {isa = PBXFileReference; lastKnownFileType = sourcecode.swift; path = TasksViewController.swift; sourceTree = "<group>"; };
/* End PBXFileReference section */

/* Begin PBXFrameworksBuildPhase section */
		E1ACBF4E2A20AE670058F5E5 /* Frameworks */ = {
			isa = PBXFrameworksBuildPhase;
			buildActionMask = 2147483647;
			files = (
				E1ACBF6C2A20AE990058F5E5 /* RealmSwift in Frameworks */,
				E1ACBF6A2A20AE990058F5E5 /* Realm in Frameworks */,
			);
			runOnlyForDeploymentPostprocessing = 0;
		};
/* End PBXFrameworksBuildPhase section */

/* Begin PBXGroup section */
		E1585CD42A22A69100AE0C6B /* Extensions */ = {
			isa = PBXGroup;
			children = (
				E1585CD22A22A3AA00AE0C6B /* Extension + UITableViewCell.swift */,
			);
			path = Extensions;
			sourceTree = "<group>";
		};
		E1ACBF482A20AE670058F5E5 = {
			isa = PBXGroup;
			children = (
				E1ACBF532A20AE670058F5E5 /* RealmTaskApp */,
				E1ACBF522A20AE670058F5E5 /* Products */,
			);
			sourceTree = "<group>";
		};
		E1ACBF522A20AE670058F5E5 /* Products */ = {
			isa = PBXGroup;
			children = (
				E1ACBF512A20AE670058F5E5 /* RealmTaskApp.app */,
			);
			name = Products;
			sourceTree = "<group>";
		};
		E1ACBF532A20AE670058F5E5 /* RealmTaskApp */ = {
			isa = PBXGroup;
			children = (
				E1ACBF6E2A20AEDE0058F5E5 /* ViewControllers */,
				E1585CD42A22A69100AE0C6B /* Extensions */,
				E1ACBF722A20AF370058F5E5 /* Factories */,
				E1ACBF712A20AF2D0058F5E5 /* Models */,
				E1ACBF732A20AF4E0058F5E5 /* Services */,
				E1ACBF6F2A20AEFE0058F5E5 /* Storyboards */,
				E1ACBF6D2A20AEB50058F5E5 /* App */,
				E1ACBF702A20AF120058F5E5 /* Resurces */,
			);
			path = RealmTaskApp;
			sourceTree = "<group>";
		};
		E1ACBF6D2A20AEB50058F5E5 /* App */ = {
			isa = PBXGroup;
			children = (
				E1ACBF542A20AE670058F5E5 /* AppDelegate.swift */,
				E1ACBF562A20AE670058F5E5 /* SceneDelegate.swift */,
				E1ACBF622A20AE670058F5E5 /* Info.plist */,
			);
			path = App;
			sourceTree = "<group>";
		};
		E1ACBF6E2A20AEDE0058F5E5 /* ViewControllers */ = {
			isa = PBXGroup;
			children = (
				E1585CD02A21314F00AE0C6B /* TaskListViewController.swift */,
				E1ACBF7C2A20B0330058F5E5 /* TasksViewController.swift */,
			);
			path = ViewControllers;
			sourceTree = "<group>";
		};
		E1ACBF6F2A20AEFE0058F5E5 /* Storyboards */ = {
			isa = PBXGroup;
			children = (
				E1ACBF5A2A20AE670058F5E5 /* Main.storyboard */,
				E1ACBF5F2A20AE670058F5E5 /* LaunchScreen.storyboard */,
			);
			path = Storyboards;
			sourceTree = "<group>";
		};
		E1ACBF702A20AF120058F5E5 /* Resurces */ = {
			isa = PBXGroup;
			children = (
				E1ACBF5D2A20AE670058F5E5 /* Assets.xcassets */,
			);
			path = Resurces;
			sourceTree = "<group>";
		};
		E1ACBF712A20AF2D0058F5E5 /* Models */ = {
			isa = PBXGroup;
			children = (
				E1ACBF762A20AFA50058F5E5 /* TaskList.swift */,
			);
			path = Models;
			sourceTree = "<group>";
		};
		E1ACBF722A20AF370058F5E5 /* Factories */ = {
			isa = PBXGroup;
			children = (
				E1ACBF742A20AF8A0058F5E5 /* AlertControllerBuilder.swift */,
			);
			path = Factories;
			sourceTree = "<group>";
		};
		E1ACBF732A20AF4E0058F5E5 /* Services */ = {
			isa = PBXGroup;
			children = (
				E1ACBF782A20AFC00058F5E5 /* DataManager.swift */,
				E1ACBF7A2A20AFE50058F5E5 /* StorageManager.swift */,
			);
			path = Services;
			sourceTree = "<group>";
		};
/* End PBXGroup section */

/* Begin PBXNativeTarget section */
		E1ACBF502A20AE670058F5E5 /* RealmTaskApp */ = {
			isa = PBXNativeTarget;
			buildConfigurationList = E1ACBF652A20AE670058F5E5 /* Build configuration list for PBXNativeTarget "RealmTaskApp" */;
			buildPhases = (
				E1ACBF4D2A20AE670058F5E5 /* Sources */,
				E1ACBF4E2A20AE670058F5E5 /* Frameworks */,
				E1ACBF4F2A20AE670058F5E5 /* Resources */,
			);
			buildRules = (
			);
			dependencies = (
			);
			name = RealmTaskApp;
			packageProductDependencies = (
				E1ACBF692A20AE990058F5E5 /* Realm */,
				E1ACBF6B2A20AE990058F5E5 /* RealmSwift */,
			);
			productName = RealmTaskApp;
			productReference = E1ACBF512A20AE670058F5E5 /* RealmTaskApp.app */;
			productType = "com.apple.product-type.application";
		};
/* End PBXNativeTarget section */

/* Begin PBXProject section */
		E1ACBF492A20AE670058F5E5 /* Project object */ = {
			isa = PBXProject;
			attributes = {
				BuildIndependentTargetsInParallel = 1;
				LastSwiftUpdateCheck = 1430;
				LastUpgradeCheck = 1430;
				TargetAttributes = {
					E1ACBF502A20AE670058F5E5 = {
						CreatedOnToolsVersion = 14.3;
					};
				};
			};
			buildConfigurationList = E1ACBF4C2A20AE670058F5E5 /* Build configuration list for PBXProject "RealmTaskApp" */;
			compatibilityVersion = "Xcode 14.0";
			developmentRegion = en;
			hasScannedForEncodings = 0;
			knownRegions = (
				en,
				Base,
			);
			mainGroup = E1ACBF482A20AE670058F5E5;
			packageReferences = (
				E1ACBF682A20AE990058F5E5 /* XCRemoteSwiftPackageReference "realm-swift" */,
			);
			productRefGroup = E1ACBF522A20AE670058F5E5 /* Products */;
			projectDirPath = "";
			projectRoot = "";
			targets = (
				E1ACBF502A20AE670058F5E5 /* RealmTaskApp */,
			);
		};
/* End PBXProject section */

/* Begin PBXResourcesBuildPhase section */
		E1ACBF4F2A20AE670058F5E5 /* Resources */ = {
			isa = PBXResourcesBuildPhase;
			buildActionMask = 2147483647;
			files = (
				E1ACBF612A20AE670058F5E5 /* LaunchScreen.storyboard in Resources */,
				E1ACBF5E2A20AE670058F5E5 /* Assets.xcassets in Resources */,
				E1ACBF5C2A20AE670058F5E5 /* Main.storyboard in Resources */,
			);
			runOnlyForDeploymentPostprocessing = 0;
		};
/* End PBXResourcesBuildPhase section */

/* Begin PBXSourcesBuildPhase section */
		E1ACBF4D2A20AE670058F5E5 /* Sources */ = {
			isa = PBXSourcesBuildPhase;
			buildActionMask = 2147483647;
			files = (
				E1ACBF792A20AFC00058F5E5 /* DataManager.swift in Sources */,
				E1ACBF772A20AFA50058F5E5 /* TaskList.swift in Sources */,
				E1ACBF7B2A20AFE50058F5E5 /* StorageManager.swift in Sources */,
				E1ACBF552A20AE670058F5E5 /* AppDelegate.swift in Sources */,
				E1585CD12A21314F00AE0C6B /* TaskListViewController.swift in Sources */,
				E1ACBF7D2A20B0330058F5E5 /* TasksViewController.swift in Sources */,
				E1585CD32A22A3AA00AE0C6B /* Extension + UITableViewCell.swift in Sources */,
				E1ACBF752A20AF8A0058F5E5 /* AlertControllerBuilder.swift in Sources */,
				E1ACBF572A20AE670058F5E5 /* SceneDelegate.swift in Sources */,
			);
			runOnlyForDeploymentPostprocessing = 0;
		};
/* End PBXSourcesBuildPhase section */

/* Begin PBXVariantGroup section */
		E1ACBF5A2A20AE670058F5E5 /* Main.storyboard */ = {
			isa = PBXVariantGroup;
			children = (
				E1ACBF5B2A20AE670058F5E5 /* Base */,
			);
			name = Main.storyboard;
			sourceTree = "<group>";
		};
		E1ACBF5F2A20AE670058F5E5 /* LaunchScreen.storyboard */ = {
			isa = PBXVariantGroup;
			children = (
				E1ACBF602A20AE670058F5E5 /* Base */,
			);
			name = LaunchScreen.storyboard;
			sourceTree = "<group>";
		};
/* End PBXVariantGroup section */

/* Begin XCBuildConfiguration section */
		E1ACBF632A20AE670058F5E5 /* Debug */ = {
			isa = XCBuildConfiguration;
			buildSettings = {
				ALWAYS_SEARCH_USER_PATHS = NO;
				CLANG_ANALYZER_NONNULL = YES;
				CLANG_ANALYZER_NUMBER_OBJECT_CONVERSION = YES_AGGRESSIVE;
				CLANG_CXX_LANGUAGE_STANDARD = "gnu++20";
				CLANG_ENABLE_MODULES = YES;
				CLANG_ENABLE_OBJC_ARC = YES;
				CLANG_ENABLE_OBJC_WEAK = YES;
				CLANG_WARN_BLOCK_CAPTURE_AUTORELEASING = YES;
				CLANG_WARN_BOOL_CONVERSION = YES;
				CLANG_WARN_COMMA = YES;
				CLANG_WARN_CONSTANT_CONVERSION = YES;
				CLANG_WARN_DEPRECATED_OBJC_IMPLEMENTATIONS = YES;
				CLANG_WARN_DIRECT_OBJC_ISA_USAGE = YES_ERROR;
				CLANG_WARN_DOCUMENTATION_COMMENTS = YES;
				CLANG_WARN_EMPTY_BODY = YES;
				CLANG_WARN_ENUM_CONVERSION = YES;
				CLANG_WARN_INFINITE_RECURSION = YES;
				CLANG_WARN_INT_CONVERSION = YES;
				CLANG_WARN_NON_LITERAL_NULL_CONVERSION = YES;
				CLANG_WARN_OBJC_IMPLICIT_RETAIN_SELF = YES;
				CLANG_WARN_OBJC_LITERAL_CONVERSION = YES;
				CLANG_WARN_OBJC_ROOT_CLASS = YES_ERROR;
				CLANG_WARN_QUOTED_INCLUDE_IN_FRAMEWORK_HEADER = YES;
				CLANG_WARN_RANGE_LOOP_ANALYSIS = YES;
				CLANG_WARN_STRICT_PROTOTYPES = YES;
				CLANG_WARN_SUSPICIOUS_MOVE = YES;
				CLANG_WARN_UNGUARDED_AVAILABILITY = YES_AGGRESSIVE;
				CLANG_WARN_UNREACHABLE_CODE = YES;
				CLANG_WARN__DUPLICATE_METHOD_MATCH = YES;
				COPY_PHASE_STRIP = NO;
				DEBUG_INFORMATION_FORMAT = dwarf;
				ENABLE_STRICT_OBJC_MSGSEND = YES;
				ENABLE_TESTABILITY = YES;
				GCC_C_LANGUAGE_STANDARD = gnu11;
				GCC_DYNAMIC_NO_PIC = NO;
				GCC_NO_COMMON_BLOCKS = YES;
				GCC_OPTIMIZATION_LEVEL = 0;
				GCC_PREPROCESSOR_DEFINITIONS = (
					"DEBUG=1",
					"$(inherited)",
				);
				GCC_WARN_64_TO_32_BIT_CONVERSION = YES;
				GCC_WARN_ABOUT_RETURN_TYPE = YES_ERROR;
				GCC_WARN_UNDECLARED_SELECTOR = YES;
				GCC_WARN_UNINITIALIZED_AUTOS = YES_AGGRESSIVE;
				GCC_WARN_UNUSED_FUNCTION = YES;
				GCC_WARN_UNUSED_VARIABLE = YES;
				IPHONEOS_DEPLOYMENT_TARGET = 16.4;
				MTL_ENABLE_DEBUG_INFO = INCLUDE_SOURCE;
				MTL_FAST_MATH = YES;
				ONLY_ACTIVE_ARCH = YES;
				SDKROOT = iphoneos;
				SWIFT_ACTIVE_COMPILATION_CONDITIONS = DEBUG;
				SWIFT_OPTIMIZATION_LEVEL = "-Onone";
			};
			name = Debug;
		};
		E1ACBF642A20AE670058F5E5 /* Release */ = {
			isa = XCBuildConfiguration;
			buildSettings = {
				ALWAYS_SEARCH_USER_PATHS = NO;
				CLANG_ANALYZER_NONNULL = YES;
				CLANG_ANALYZER_NUMBER_OBJECT_CONVERSION = YES_AGGRESSIVE;
				CLANG_CXX_LANGUAGE_STANDARD = "gnu++20";
				CLANG_ENABLE_MODULES = YES;
				CLANG_ENABLE_OBJC_ARC = YES;
				CLANG_ENABLE_OBJC_WEAK = YES;
				CLANG_WARN_BLOCK_CAPTURE_AUTORELEASING = YES;
				CLANG_WARN_BOOL_CONVERSION = YES;
				CLANG_WARN_COMMA = YES;
				CLANG_WARN_CONSTANT_CONVERSION = YES;
				CLANG_WARN_DEPRECATED_OBJC_IMPLEMENTATIONS = YES;
				CLANG_WARN_DIRECT_OBJC_ISA_USAGE = YES_ERROR;
				CLANG_WARN_DOCUMENTATION_COMMENTS = YES;
				CLANG_WARN_EMPTY_BODY = YES;
				CLANG_WARN_ENUM_CONVERSION = YES;
				CLANG_WARN_INFINITE_RECURSION = YES;
				CLANG_WARN_INT_CONVERSION = YES;
				CLANG_WARN_NON_LITERAL_NULL_CONVERSION = YES;
				CLANG_WARN_OBJC_IMPLICIT_RETAIN_SELF = YES;
				CLANG_WARN_OBJC_LITERAL_CONVERSION = YES;
				CLANG_WARN_OBJC_ROOT_CLASS = YES_ERROR;
				CLANG_WARN_QUOTED_INCLUDE_IN_FRAMEWORK_HEADER = YES;
				CLANG_WARN_RANGE_LOOP_ANALYSIS = YES;
				CLANG_WARN_STRICT_PROTOTYPES = YES;
				CLANG_WARN_SUSPICIOUS_MOVE = YES;
				CLANG_WARN_UNGUARDED_AVAILABILITY = YES_AGGRESSIVE;
				CLANG_WARN_UNREACHABLE_CODE = YES;
				CLANG_WARN__DUPLICATE_METHOD_MATCH = YES;
				COPY_PHASE_STRIP = NO;
				DEBUG_INFORMATION_FORMAT = "dwarf-with-dsym";
				ENABLE_NS_ASSERTIONS = NO;
				ENABLE_STRICT_OBJC_MSGSEND = YES;
				GCC_C_LANGUAGE_STANDARD = gnu11;
				GCC_NO_COMMON_BLOCKS = YES;
				GCC_WARN_64_TO_32_BIT_CONVERSION = YES;
				GCC_WARN_ABOUT_RETURN_TYPE = YES_ERROR;
				GCC_WARN_UNDECLARED_SELECTOR = YES;
				GCC_WARN_UNINITIALIZED_AUTOS = YES_AGGRESSIVE;
				GCC_WARN_UNUSED_FUNCTION = YES;
				GCC_WARN_UNUSED_VARIABLE = YES;
				IPHONEOS_DEPLOYMENT_TARGET = 16.4;
				MTL_ENABLE_DEBUG_INFO = NO;
				MTL_FAST_MATH = YES;
				SDKROOT = iphoneos;
				SWIFT_COMPILATION_MODE = wholemodule;
				SWIFT_OPTIMIZATION_LEVEL = "-O";
				VALIDATE_PRODUCT = YES;
			};
			name = Release;
		};
		E1ACBF662A20AE670058F5E5 /* Debug */ = {
			isa = XCBuildConfiguration;
			buildSettings = {
				ASSETCATALOG_COMPILER_APPICON_NAME = AppIcon;
				ASSETCATALOG_COMPILER_GLOBAL_ACCENT_COLOR_NAME = AccentColor;
				CODE_SIGN_STYLE = Automatic;
				CURRENT_PROJECT_VERSION = 1;
				DEVELOPMENT_TEAM = KYB528F2CP;
				GENERATE_INFOPLIST_FILE = YES;
				INFOPLIST_FILE = RealmTaskApp/App/Info.plist;
				INFOPLIST_KEY_UIApplicationSupportsIndirectInputEvents = YES;
				INFOPLIST_KEY_UILaunchStoryboardName = LaunchScreen;
				INFOPLIST_KEY_UIMainStoryboardFile = Main;
				INFOPLIST_KEY_UISupportedInterfaceOrientations = UIInterfaceOrientationPortrait;
				INFOPLIST_KEY_UISupportedInterfaceOrientations_iPad = "UIInterfaceOrientationLandscapeLeft UIInterfaceOrientationLandscapeRight UIInterfaceOrientationPortrait UIInterfaceOrientationPortraitUpsideDown";
				LD_RUNPATH_SEARCH_PATHS = (
					"$(inherited)",
					"@executable_path/Frameworks",
				);
				MARKETING_VERSION = 1.0;
				PRODUCT_BUNDLE_IDENTIFIER = keller.RealmTaskApp;
				PRODUCT_NAME = "$(TARGET_NAME)";
				SUPPORTED_PLATFORMS = "iphoneos iphonesimulator";
				SUPPORTS_MACCATALYST = NO;
				SUPPORTS_MAC_DESIGNED_FOR_IPHONE_IPAD = NO;
				SWIFT_EMIT_LOC_STRINGS = YES;
				SWIFT_VERSION = 5.0;
				TARGETED_DEVICE_FAMILY = 1;
			};
			name = Debug;
		};
		E1ACBF672A20AE670058F5E5 /* Release */ = {
			isa = XCBuildConfiguration;
			buildSettings = {
				ASSETCATALOG_COMPILER_APPICON_NAME = AppIcon;
				ASSETCATALOG_COMPILER_GLOBAL_ACCENT_COLOR_NAME = AccentColor;
				CODE_SIGN_STYLE = Automatic;
				CURRENT_PROJECT_VERSION = 1;
				DEVELOPMENT_TEAM = KYB528F2CP;
				GENERATE_INFOPLIST_FILE = YES;
				INFOPLIST_FILE = RealmTaskApp/App/Info.plist;
				INFOPLIST_KEY_UIApplicationSupportsIndirectInputEvents = YES;
				INFOPLIST_KEY_UILaunchStoryboardName = LaunchScreen;
				INFOPLIST_KEY_UIMainStoryboardFile = Main;
				INFOPLIST_KEY_UISupportedInterfaceOrientations = UIInterfaceOrientationPortrait;
				INFOPLIST_KEY_UISupportedInterfaceOrientations_iPad = "UIInterfaceOrientationLandscapeLeft UIInterfaceOrientationLandscapeRight UIInterfaceOrientationPortrait UIInterfaceOrientationPortraitUpsideDown";
				LD_RUNPATH_SEARCH_PATHS = (
					"$(inherited)",
					"@executable_path/Frameworks",
				);
				MARKETING_VERSION = 1.0;
				PRODUCT_BUNDLE_IDENTIFIER = keller.RealmTaskApp;
				PRODUCT_NAME = "$(TARGET_NAME)";
				SUPPORTED_PLATFORMS = "iphoneos iphonesimulator";
				SUPPORTS_MACCATALYST = NO;
				SUPPORTS_MAC_DESIGNED_FOR_IPHONE_IPAD = NO;
				SWIFT_EMIT_LOC_STRINGS = YES;
				SWIFT_VERSION = 5.0;
				TARGETED_DEVICE_FAMILY = 1;
			};
			name = Release;
		};
/* End XCBuildConfiguration section */

/* Begin XCConfigurationList section */
		E1ACBF4C2A20AE670058F5E5 /* Build configuration list for PBXProject "RealmTaskApp" */ = {
			isa = XCConfigurationList;
			buildConfigurations = (
				E1ACBF632A20AE670058F5E5 /* Debug */,
				E1ACBF642A20AE670058F5E5 /* Release */,
			);
			defaultConfigurationIsVisible = 0;
			defaultConfigurationName = Release;
		};
		E1ACBF652A20AE670058F5E5 /* Build configuration list for PBXNativeTarget "RealmTaskApp" */ = {
			isa = XCConfigurationList;
			buildConfigurations = (
				E1ACBF662A20AE670058F5E5 /* Debug */,
				E1ACBF672A20AE670058F5E5 /* Release */,
			);
			defaultConfigurationIsVisible = 0;
			defaultConfigurationName = Release;
		};
/* End XCConfigurationList section */

/* Begin XCRemoteSwiftPackageReference section */
		E1ACBF682A20AE990058F5E5 /* XCRemoteSwiftPackageReference "realm-swift" */ = {
			isa = XCRemoteSwiftPackageReference;
			repositoryURL = "https://github.com/realm/realm-swift.git";
			requirement = {
				branch = master;
				kind = branch;
			};
		};
/* End XCRemoteSwiftPackageReference section */

/* Begin XCSwiftPackageProductDependency section */
		E1ACBF692A20AE990058F5E5 /* Realm */ = {
			isa = XCSwiftPackageProductDependency;
			package = E1ACBF682A20AE990058F5E5 /* XCRemoteSwiftPackageReference "realm-swift" */;
			productName = Realm;
		};
		E1ACBF6B2A20AE990058F5E5 /* RealmSwift */ = {
			isa = XCSwiftPackageProductDependency;
			package = E1ACBF682A20AE990058F5E5 /* XCRemoteSwiftPackageReference "realm-swift" */;
			productName = RealmSwift;
		};
/* End XCSwiftPackageProductDependency section */
	};
	rootObject = E1ACBF492A20AE670058F5E5 /* Project object */;
}
